
Microsoft Visual Studio Solution File, Format Version 12.00
# Visual Studio Version 17
VisualStudioVersion = 17.14.36518.9 d17.14
MinimumVisualStudioVersion = 10.0.40219.1
Project("{FAE04EC0-301F-11D3-BF4B-00C04F79EFBC}") = "Zadanie1C#", "Zadanie1C#\Zadanie1C#.csproj", "{D22617B4-7971-4BF9-BEFD-CF6B333A612C}"
EndProject
Global
	GlobalSection(SolutionConfigurationPlatforms) = preSolution
		Debug|Any CPU = Debug|Any CPU
		Release|Any CPU = Release|Any CPU
	EndGlobalSection
	GlobalSection(ProjectConfigurationPlatforms) = postSolution
		{D22617B4-7971-4BF9-BEFD-CF6B333A612C}.Debug|Any CPU.ActiveCfg = Debug|Any CPU
		{D22617B4-7971-4BF9-BEFD-CF6B333A612C}.Debug|Any CPU.Build.0 = Debug|Any CPU
		{D22617B4-7971-4BF9-BEFD-CF6B333A612C}.Release|Any CPU.ActiveCfg = Release|Any CPU
		{D22617B4-7971-4BF9-BEFD-CF6B333A612C}.Release|Any CPU.Build.0 = Release|Any CPU
	EndGlobalSection
	GlobalSection(SolutionProperties) = preSolution
		HideSolutionNode = FALSE
	EndGlobalSection
	GlobalSection(ExtensibilityGlobals) = postSolution
		SolutionGuid = {9313586D-0562-46A9-99AF-203DAE8AF9B2}
	EndGlobalSection
EndGlobal
